
Microsoft Visual Studio Solution File, Format Version 12.00
# Visual Studio Version 17
VisualStudioVersion = 17.6.33829.357
MinimumVisualStudioVersion = 10.0.40219.1
Project("{FAE04EC0-301F-11D3-BF4B-00C04F79EFBC}") = "AmazonWebApplication", "AmazonWebApplication\AmazonWebApplication.csproj", "{BD1708ED-EC1F-4912-9E71-3AFAAC0D5544}"
EndProject
Global
	GlobalSection(SolutionConfigurationPlatforms) = preSolution
		Debug|Any CPU = Debug|Any CPU
		Release|Any CPU = Release|Any CPU
	EndGlobalSection
	GlobalSection(ProjectConfigurationPlatforms) = postSolution
		{BD1708ED-EC1F-4912-9E71-3AFAAC0D5544}.Debug|Any CPU.ActiveCfg = Debug|Any CPU
		{BD1708ED-EC1F-4912-9E71-3AFAAC0D5544}.Debug|Any CPU.Build.0 = Debug|Any CPU
		{BD1708ED-EC1F-4912-9E71-3AFAAC0D5544}.Release|Any CPU.ActiveCfg = Release|Any CPU
		{BD1708ED-EC1F-4912-9E71-3AFAAC0D5544}.Release|Any CPU.Build.0 = Release|Any CPU
	EndGlobalSection
	GlobalSection(SolutionProperties) = preSolution
		HideSolutionNode = FALSE
	EndGlobalSection
	GlobalSection(ExtensibilityGlobals) = postSolution
		SolutionGuid = {75356C85-FC34-4831-A75E-84DF0CEC0B1F}
	EndGlobalSection
EndGlobal
